{
  "name": "api",
  "version": "1.0.0",
  "lockfileVersion": 3,
  "requires": true,
  "packages": {
    "": {
      "version": "1.0.0",
      "dependencies": {
        "@azure/functions": "^4.0.0"
      },
      "devDependencies": {
        "azure-functions-core-tools": "^4.x"
      }
    },
    "node_modules/@azure/functions": {
      "version": "4.6.0",
      "resolved": "https://pkgs.dev.azure.com/bhdleon/_packaging/bhdleon-npm/npm/registry/@azure/functions/-/functions-4.6.0.tgz",
      "integrity": "sha1-7unKlFuKLy0HSMKABuBXF4zV+Mk=",
      "license": "MIT",
      "dependencies": {
        "cookie": "^0.7.0",
        "long": "^4.0.0",
        "undici": "^5.13.0"
      },
      "engines": {
        "node": ">=18.0"
      }
    },
    "node_modules/@fastify/busboy": {
      "version": "2.1.1",
      "resolved": "https://pkgs.dev.azure.com/bhdleon/_packaging/bhdleon-npm/npm/registry/@fastify/busboy/-/busboy-2.1.1.tgz",
      "integrity": "sha1-udpqh4o3GCmgUCybbBwUPvZmP00=",
      "license": "MIT",
      "engines": {
        "node": ">=14"
      }
    },
    "node_modules/@types/node": {
      "version": "22.9.0",
      "resolved": "https://pkgs.dev.azure.com/bhdleon/_packaging/bhdleon-npm/npm/registry/@types/node/-/node-22.9.0.tgz",
      "integrity": "sha1-t/FuXDOEeIVCxy3D1WGnzq4sA2U=",
      "dev": true,
      "license": "MIT",
      "optional": true,
      "dependencies": {
        "undici-types": "~6.19.8"
      }
    },
    "node_modules/@types/yauzl": {
      "version": "2.10.3",
      "resolved": "https://pkgs.dev.azure.com/bhdleon/_packaging/bhdleon-npm/npm/registry/@types/yauzl/-/yauzl-2.10.3.tgz",
      "integrity": "sha1-6bKAi08QlQSgPNqVglmHb2EBeZk=",
      "dev": true,
      "license": "MIT",
      "optional": true,
      "dependencies": {
        "@types/node": "*"
      }
    },
    "node_modules/agent-base": {
      "version": "6.0.2",
      "resolved": "https://pkgs.dev.azure.com/bhdleon/_packaging/bhdleon-npm/npm/registry/agent-base/-/agent-base-6.0.2.tgz",
      "integrity": "sha1-Sf/1hXfP7j83F2/qtMIuAPhtf3c=",
      "dev": true,
      "license": "MIT",
      "dependencies": {
        "debug": "4"
      },
      "engines": {
        "node": ">= 6.0.0"
      }
    },
    "node_modules/ansi-styles": {
      "version": "4.3.0",
      "resolved": "https://pkgs.dev.azure.com/bhdleon/_packaging/bhdleon-npm/npm/registry/ansi-styles/-/ansi-styles-4.3.0.tgz",
      "integrity": "sha1-7dgDYornHATIWuegkG7a00tkiTc=",
      "dev": true,
      "license": "MIT",
      "dependencies": {
        "color-convert": "^2.0.1"
      },
      "engines": {
        "node": ">=8"
      },
      "funding": {
        "url": "https://github.com/chalk/ansi-styles?sponsor=1"
      }
    },
    "node_modules/azure-functions-core-tools": {
      "version": "4.0.6543",
      "resolved": "https://pkgs.dev.azure.com/bhdleon/_packaging/bhdleon-npm/npm/registry/azure-functions-core-tools/-/azure-functions-core-tools-4.0.6543.tgz",
      "integrity": "sha1-JFLVn3e8Q/I5jDP1S6Huqr4fzp0=",
      "dev": true,
      "hasInstallScript": true,
      "license": "MIT",
      "os": [
        "win32",
        "darwin",
        "linux"
      ],
      "dependencies": {
        "chalk": "3.0.0",
        "extract-zip": "^2.0.1",
        "https-proxy-agent": "5.0.1",
        "progress": "2.0.3",
        "rimraf": "4.4.1"
      },
      "bin": {
        "azfun": "lib/main.js",
        "azurefunctions": "lib/main.js",
        "func": "lib/main.js"
      },
      "engines": {
        "node": ">=6.9.1"
      }
    },
    "node_modules/balanced-match": {
      "version": "1.0.2",
      "resolved": "https://pkgs.dev.azure.com/bhdleon/_packaging/bhdleon-npm/npm/registry/balanced-match/-/balanced-match-1.0.2.tgz",
      "integrity": "sha1-6D46fj8wCzTLnYf2FfoMvzV2kO4=",
      "dev": true,
      "license": "MIT"
    },
    "node_modules/brace-expansion": {
      "version": "2.0.1",
      "resolved": "https://pkgs.dev.azure.com/bhdleon/_packaging/bhdleon-npm/npm/registry/brace-expansion/-/brace-expansion-2.0.1.tgz",
      "integrity": "sha1-HtxFng8MVISG7Pn8mfIiE2S5oK4=",
      "dev": true,
      "license": "MIT",
      "dependencies": {
        "balanced-match": "^1.0.0"
      }
    },
    "node_modules/buffer-crc32": {
      "version": "0.2.13",
      "resolved": "https://pkgs.dev.azure.com/bhdleon/_packaging/bhdleon-npm/npm/registry/buffer-crc32/-/buffer-crc32-0.2.13.tgz",
      "integrity": "sha1-DTM+PwDqxQqhRUq9MO+MKl2ackI=",
      "dev": true,
      "license": "MIT",
      "engines": {
        "node": "*"
      }
    },
    "node_modules/chalk": {
      "version": "3.0.0",
      "resolved": "https://pkgs.dev.azure.com/bhdleon/_packaging/bhdleon-npm/npm/registry/chalk/-/chalk-3.0.0.tgz",
      "integrity": "sha1-P3PCv1JlkfV0zEksUeJFY0n4ROQ=",
      "dev": true,
      "license": "MIT",
      "dependencies": {
        "ansi-styles": "^4.1.0",
        "supports-color": "^7.1.0"
      },
      "engines": {
        "node": ">=8"
      }
    },
    "node_modules/color-convert": {
      "version": "2.0.1",
      "resolved": "https://pkgs.dev.azure.com/bhdleon/_packaging/bhdleon-npm/npm/registry/color-convert/-/color-convert-2.0.1.tgz",
      "integrity": "sha1-ctOmjVmMm9s68q0ehPIdiWq9TeM=",
      "dev": true,
      "license": "MIT",
      "dependencies": {
        "color-name": "~1.1.4"
      },
      "engines": {
        "node": ">=7.0.0"
      }
    },
    "node_modules/color-name": {
      "version": "1.1.4",
      "resolved": "https://pkgs.dev.azure.com/bhdleon/_packaging/bhdleon-npm/npm/registry/color-name/-/color-name-1.1.4.tgz",
      "integrity": "sha1-wqCah6y95pVD3m9j+jmVyCbFNqI=",
      "dev": true,
      "license": "MIT"
    },
    "node_modules/cookie": {
      "version": "0.7.2",
      "resolved": "https://pkgs.dev.azure.com/bhdleon/_packaging/bhdleon-npm/npm/registry/cookie/-/cookie-0.7.2.tgz",
      "integrity": "sha1-VWNpxHKiupEPKXmJG1JrNDYjftc=",
      "license": "MIT",
      "engines": {
        "node": ">= 0.6"
      }
    },
    "node_modules/debug": {
      "version": "4.3.7",
      "resolved": "https://pkgs.dev.azure.com/bhdleon/_packaging/bhdleon-npm/npm/registry/debug/-/debug-4.3.7.tgz",
      "integrity": "sha1-h5RbQVGgEddtlaGY1xEchlw2ClI=",
      "dev": true,
      "license": "MIT",
      "dependencies": {
        "ms": "^2.1.3"
      },
      "engines": {
        "node": ">=6.0"
      },
      "peerDependenciesMeta": {
        "supports-color": {
          "optional": true
        }
      }
    },
    "node_modules/end-of-stream": {
      "version": "1.4.4",
      "resolved": "https://pkgs.dev.azure.com/bhdleon/_packaging/bhdleon-npm/npm/registry/end-of-stream/-/end-of-stream-1.4.4.tgz",
      "integrity": "sha1-WuZKX0UFe682JuwU2gyl5LJDHrA=",
      "dev": true,
      "license": "MIT",
      "dependencies": {
        "once": "^1.4.0"
      }
    },
    "node_modules/extract-zip": {
      "version": "2.0.1",
      "resolved": "https://pkgs.dev.azure.com/bhdleon/_packaging/bhdleon-npm/npm/registry/extract-zip/-/extract-zip-2.0.1.tgz",
      "integrity": "sha1-Zj3KVv5G34kNXxMe9KBtIruLoTo=",
      "dev": true,
      "license": "BSD-2-Clause",
      "dependencies": {
        "debug": "^4.1.1",
        "get-stream": "^5.1.0",
        "yauzl": "^2.10.0"
      },
      "bin": {
        "extract-zip": "cli.js"
      },
      "engines": {
        "node": ">= 10.17.0"
      },
      "optionalDependencies": {
        "@types/yauzl": "^2.9.1"
      }
    },
    "node_modules/fd-slicer": {
      "version": "1.1.0",
      "resolved": "https://pkgs.dev.azure.com/bhdleon/_packaging/bhdleon-npm/npm/registry/fd-slicer/-/fd-slicer-1.1.0.tgz",
      "integrity": "sha1-JcfInLH5B3+IkbvmHY85Dq4lbx4=",
      "dev": true,
      "license": "MIT",
      "dependencies": {
        "pend": "~1.2.0"
      }
    },
    "node_modules/fs.realpath": {
      "version": "1.0.0",
      "resolved": "https://pkgs.dev.azure.com/bhdleon/_packaging/bhdleon-npm/npm/registry/fs.realpath/-/fs.realpath-1.0.0.tgz",
      "integrity": "sha1-FQStJSMVjKpA20onh8sBQRmU6k8=",
      "dev": true,
      "license": "ISC"
    },
    "node_modules/get-stream": {
      "version": "5.2.0",
      "resolved": "https://pkgs.dev.azure.com/bhdleon/_packaging/bhdleon-npm/npm/registry/get-stream/-/get-stream-5.2.0.tgz",
      "integrity": "sha1-SWaheV7lrOZecGxLe+txJX1uItM=",
      "dev": true,
      "license": "MIT",
      "dependencies": {
        "pump": "^3.0.0"
      },
      "engines": {
        "node": ">=8"
      },
      "funding": {
        "url": "https://github.com/sponsors/sindresorhus"
      }
    },
    "node_modules/glob": {
      "version": "9.3.5",
      "resolved": "https://pkgs.dev.azure.com/bhdleon/_packaging/bhdleon-npm/npm/registry/glob/-/glob-9.3.5.tgz",
      "integrity": "sha1-yi7YykUngaMAloVgf98CWomd/iE=",
      "dev": true,
      "license": "ISC",
      "dependencies": {
        "fs.realpath": "^1.0.0",
        "minimatch": "^8.0.2",
        "minipass": "^4.2.4",
        "path-scurry": "^1.6.1"
      },
      "engines": {
        "node": ">=16 || 14 >=14.17"
      },
      "funding": {
        "url": "https://github.com/sponsors/isaacs"
      }
    },
    "node_modules/has-flag": {
      "version": "4.0.0",
      "resolved": "https://pkgs.dev.azure.com/bhdleon/_packaging/bhdleon-npm/npm/registry/has-flag/-/has-flag-4.0.0.tgz",
      "integrity": "sha1-lEdx/ZyByBJlxNaUGGDaBrtZR5s=",
      "dev": true,
      "license": "MIT",
      "engines": {
        "node": ">=8"
      }
    },
    "node_modules/https-proxy-agent": {
      "version": "5.0.1",
      "resolved": "https://pkgs.dev.azure.com/bhdleon/_packaging/bhdleon-npm/npm/registry/https-proxy-agent/-/https-proxy-agent-5.0.1.tgz",
      "integrity": "sha1-xZ7yJKBP6LdU89sAY6Jeow0ABdY=",
      "dev": true,
      "license": "MIT",
      "dependencies": {
        "agent-base": "6",
        "debug": "4"
      },
      "engines": {
        "node": ">= 6"
      }
    },
    "node_modules/long": {
      "version": "4.0.0",
      "resolved": "https://pkgs.dev.azure.com/bhdleon/_packaging/bhdleon-npm/npm/registry/long/-/long-4.0.0.tgz",
      "integrity": "sha1-mntxz7fTYaGU6lVSQckvdGjVvyg=",
      "license": "Apache-2.0"
    },
    "node_modules/lru-cache": {
      "version": "10.4.3",
      "resolved": "https://pkgs.dev.azure.com/bhdleon/_packaging/bhdleon-npm/npm/registry/lru-cache/-/lru-cache-10.4.3.tgz",
      "integrity": "sha1-QQ/IoXtw5ZgBPfJXwkRrfzOD8Rk=",
      "dev": true,
      "license": "ISC"
    },
    "node_modules/minimatch": {
      "version": "8.0.4",
      "resolved": "https://pkgs.dev.azure.com/bhdleon/_packaging/bhdleon-npm/npm/registry/minimatch/-/minimatch-8.0.4.tgz",
      "integrity": "sha1-hHwbJcAU1Omn9oqvY97dZopiYik=",
      "dev": true,
      "license": "ISC",
      "dependencies": {
        "brace-expansion": "^2.0.1"
      },
      "engines": {
        "node": ">=16 || 14 >=14.17"
      },
      "funding": {
        "url": "https://github.com/sponsors/isaacs"
      }
    },
    "node_modules/minipass": {
      "version": "4.2.8",
      "resolved": "https://pkgs.dev.azure.com/bhdleon/_packaging/bhdleon-npm/npm/registry/minipass/-/minipass-4.2.8.tgz",
      "integrity": "sha1-8AEPZDk+z8HRzLX1gryvRfSOGjo=",
      "dev": true,
      "license": "ISC",
      "engines": {
        "node": ">=8"
      }
    },
    "node_modules/ms": {
      "version": "2.1.3",
      "resolved": "https://pkgs.dev.azure.com/bhdleon/_packaging/bhdleon-npm/npm/registry/ms/-/ms-2.1.3.tgz",
      "integrity": "sha1-V0yBOM4dK1hh8LRFedut1gxmFbI=",
      "dev": true,
      "license": "MIT"
    },
    "node_modules/once": {
      "version": "1.4.0",
      "resolved": "https://pkgs.dev.azure.com/bhdleon/_packaging/bhdleon-npm/npm/registry/once/-/once-1.4.0.tgz",
      "integrity": "sha1-WDsap3WWHUsROsF9nFC6753Xa9E=",
      "dev": true,
      "license": "ISC",
      "dependencies": {
        "wrappy": "1"
      }
    },
    "node_modules/path-scurry": {
      "version": "1.11.1",
      "resolved": "https://pkgs.dev.azure.com/bhdleon/_packaging/bhdleon-npm/npm/registry/path-scurry/-/path-scurry-1.11.1.tgz",
      "integrity": "sha1-eWCmaIiFlKByCxKpEdGnQqufEdI=",
      "dev": true,
      "license": "BlueOak-1.0.0",
      "dependencies": {
        "lru-cache": "^10.2.0",
        "minipass": "^5.0.0 || ^6.0.2 || ^7.0.0"
      },
      "engines": {
        "node": ">=16 || 14 >=14.18"
      },
      "funding": {
        "url": "https://github.com/sponsors/isaacs"
      }
    },
    "node_modules/path-scurry/node_modules/minipass": {
      "version": "7.1.2",
      "resolved": "https://pkgs.dev.azure.com/bhdleon/_packaging/bhdleon-npm/npm/registry/minipass/-/minipass-7.1.2.tgz",
      "integrity": "sha1-k6libOXl5mvU24aEnnUV6SNApwc=",
      "dev": true,
      "license": "ISC",
      "engines": {
        "node": ">=16 || 14 >=14.17"
      }
    },
    "node_modules/pend": {
      "version": "1.2.0",
      "resolved": "https://pkgs.dev.azure.com/bhdleon/_packaging/bhdleon-npm/npm/registry/pend/-/pend-1.2.0.tgz",
      "integrity": "sha1-elfrVQpng/kRUzH89GY9XI4AelA=",
      "dev": true,
      "license": "MIT"
    },
    "node_modules/progress": {
      "version": "2.0.3",
      "resolved": "https://pkgs.dev.azure.com/bhdleon/_packaging/bhdleon-npm/npm/registry/progress/-/progress-2.0.3.tgz",
      "integrity": "sha1-foz42PW48jnBvGi+tOt4Vn1XLvg=",
      "dev": true,
      "license": "MIT",
      "engines": {
        "node": ">=0.4.0"
      }
    },
    "node_modules/pump": {
      "version": "3.0.2",
      "resolved": "https://pkgs.dev.azure.com/bhdleon/_packaging/bhdleon-npm/npm/registry/pump/-/pump-3.0.2.tgz",
      "integrity": "sha1-g28+3WvC7lmSVskk/+DYhXPdy/g=",
      "dev": true,
      "license": "MIT",
      "dependencies": {
        "end-of-stream": "^1.1.0",
        "once": "^1.3.1"
      }
    },
    "node_modules/rimraf": {
      "version": "4.4.1",
      "resolved": "https://pkgs.dev.azure.com/bhdleon/_packaging/bhdleon-npm/npm/registry/rimraf/-/rimraf-4.4.1.tgz",
      "integrity": "sha1-vTM2T2cCHFt56T1/T6BWjHwht1U=",
      "dev": true,
      "license": "ISC",
      "dependencies": {
        "glob": "^9.2.0"
      },
      "bin": {
        "rimraf": "dist/cjs/src/bin.js"
      },
      "engines": {
        "node": ">=14"
      },
      "funding": {
        "url": "https://github.com/sponsors/isaacs"
      }
    },
    "node_modules/supports-color": {
      "version": "7.2.0",
      "resolved": "https://pkgs.dev.azure.com/bhdleon/_packaging/bhdleon-npm/npm/registry/supports-color/-/supports-color-7.2.0.tgz",
      "integrity": "sha1-G33NyzK4E4gBs+R4umpRyqiWSNo=",
      "dev": true,
      "license": "MIT",
      "dependencies": {
        "has-flag": "^4.0.0"
      },
      "engines": {
        "node": ">=8"
      }
    },
    "node_modules/undici": {
      "version": "5.28.4",
      "resolved": "https://pkgs.dev.azure.com/bhdleon/_packaging/bhdleon-npm/npm/registry/undici/-/undici-5.28.4.tgz",
      "integrity": "sha1-aygECO22oaYEqbIDQPRbQi43MGg=",
      "license": "MIT",
      "dependencies": {
        "@fastify/busboy": "^2.0.0"
      },
      "engines": {
        "node": ">=14.0"
      }
    },
    "node_modules/undici-types": {
      "version": "6.19.8",
      "resolved": "https://pkgs.dev.azure.com/bhdleon/_packaging/bhdleon-npm/npm/registry/undici-types/-/undici-types-6.19.8.tgz",
      "integrity": "sha1-NREcnRQ3q4OnzcCrri8m2I7aCgI=",
      "dev": true,
      "license": "MIT",
      "optional": true
    },
    "node_modules/wrappy": {
      "version": "1.0.2",
      "resolved": "https://pkgs.dev.azure.com/bhdleon/_packaging/bhdleon-npm/npm/registry/wrappy/-/wrappy-1.0.2.tgz",
      "integrity": "sha1-tSQ9jz7BqjXxNkYFvA0QNuMKtp8=",
      "dev": true,
      "license": "ISC"
    },
    "node_modules/yauzl": {
      "version": "2.10.0",
      "resolved": "https://pkgs.dev.azure.com/bhdleon/_packaging/bhdleon-npm/npm/registry/yauzl/-/yauzl-2.10.0.tgz",
      "integrity": "sha1-x+sXyT4RLLEIb6bY5R+wZnt5pfk=",
      "dev": true,
      "license": "MIT",
      "dependencies": {
        "buffer-crc32": "~0.2.3",
        "fd-slicer": "~1.1.0"
      }
    }
  }
}
